
Microsoft Visual Studio Solution File, Format Version 12.00
# Visual Studio Version 17
VisualStudioVersion = 17.14.36414.22 d17.14
MinimumVisualStudioVersion = 10.0.40219.1
Project("{FAE04EC0-301F-11D3-BF4B-00C04F79EFBC}") = "BookStore", "BookStore.csproj", "{A4FBD5C7-4D38-496E-8075-FB8B6E1146A2}"
EndProject
Global
	GlobalSection(SolutionConfigurationPlatforms) = preSolution
		Debug|Any CPU = Debug|Any CPU
		Release|Any CPU = Release|Any CPU
	EndGlobalSection
	GlobalSection(ProjectConfigurationPlatforms) = postSolution
		{A4FBD5C7-4D38-496E-8075-FB8B6E1146A2}.Debug|Any CPU.ActiveCfg = Debug|Any CPU
		{A4FBD5C7-4D38-496E-8075-FB8B6E1146A2}.Debug|Any CPU.Build.0 = Debug|Any CPU
		{A4FBD5C7-4D38-496E-8075-FB8B6E1146A2}.Release|Any CPU.ActiveCfg = Release|Any CPU
		{A4FBD5C7-4D38-496E-8075-FB8B6E1146A2}.Release|Any CPU.Build.0 = Release|Any CPU
	EndGlobalSection
	GlobalSection(SolutionProperties) = preSolution
		HideSolutionNode = FALSE
	EndGlobalSection
	GlobalSection(ExtensibilityGlobals) = postSolution
		SolutionGuid = {18044640-5B3A-44DB-80C0-27992C57D655}
	EndGlobalSection
EndGlobal
